
Microsoft Visual Studio Solution File, Format Version 12.00
# Visual Studio Version 17
VisualStudioVersion = 17.9.34723.18
MinimumVisualStudioVersion = 10.0.40219.1
Project("{FAE04EC0-301F-11D3-BF4B-00C04F79EFBC}") = "PersonaVS", "PersonaVS\PersonaVS.csproj", "{D739737D-6F51-4384-B588-ADEA4DAD281C}"
EndProject
Global
	GlobalSection(SolutionConfigurationPlatforms) = preSolution
		Debug|Any CPU = Debug|Any CPU
		Release|Any CPU = Release|Any CPU
	EndGlobalSection
	GlobalSection(ProjectConfigurationPlatforms) = postSolution
		{D739737D-6F51-4384-B588-ADEA4DAD281C}.Debug|Any CPU.ActiveCfg = Debug|Any CPU
		{D739737D-6F51-4384-B588-ADEA4DAD281C}.Debug|Any CPU.Build.0 = Debug|Any CPU
		{D739737D-6F51-4384-B588-ADEA4DAD281C}.Release|Any CPU.ActiveCfg = Release|Any CPU
		{D739737D-6F51-4384-B588-ADEA4DAD281C}.Release|Any CPU.Build.0 = Release|Any CPU
	EndGlobalSection
	GlobalSection(SolutionProperties) = preSolution
		HideSolutionNode = FALSE
	EndGlobalSection
	GlobalSection(ExtensibilityGlobals) = postSolution
		SolutionGuid = {020C9DC6-126A-43AA-B37B-74F36ABB81E7}
	EndGlobalSection
EndGlobal
